
Microsoft Visual Studio Solution File, Format Version 12.00
# Visual Studio Version 16
VisualStudioVersion = 16.0.30804.86
MinimumVisualStudioVersion = 10.0.40219.1
Project("{FAE04EC0-301F-11D3-BF4B-00C04F79EFBC}") = "FilmManager", "FilmManager\FilmManager.csproj", "{258C0988-6783-44D0-A109-44D5C67F7F41}"
EndProject
Global
	GlobalSection(SolutionConfigurationPlatforms) = preSolution
		Debug|Any CPU = Debug|Any CPU
		Release|Any CPU = Release|Any CPU
	EndGlobalSection
	GlobalSection(ProjectConfigurationPlatforms) = postSolution
		{258C0988-6783-44D0-A109-44D5C67F7F41}.Debug|Any CPU.ActiveCfg = Debug|Any CPU
		{258C0988-6783-44D0-A109-44D5C67F7F41}.Debug|Any CPU.Build.0 = Debug|Any CPU
		{258C0988-6783-44D0-A109-44D5C67F7F41}.Release|Any CPU.ActiveCfg = Release|Any CPU
		{258C0988-6783-44D0-A109-44D5C67F7F41}.Release|Any CPU.Build.0 = Release|Any CPU
	EndGlobalSection
	GlobalSection(SolutionProperties) = preSolution
		HideSolutionNode = FALSE
	EndGlobalSection
	GlobalSection(ExtensibilityGlobals) = postSolution
		SolutionGuid = {FAAEDA29-9BC9-45D6-A382-109E2146AA6F}
	EndGlobalSection
EndGlobal
